{
  "originHash" : "de761315a7da1e15e86d3e5b99d9354596e109a138751bacf73b7795b26d1be0",
  "pins" : [
    {
      "identity" : "kakaomapssdk-spm",
      "kind" : "remoteSourceControl",
      "location" : "https://github.com/kakao-mapsSDK/KakaoMapsSDK-SPM",
      "state" : {
        "revision" : "ddeadbe5166909370b7518366ad5ebd517452be6",
        "version" : "2.12.0"
      }
    }
  ],
  "version" : 3
}
