// !$*UTF8*$!
{
	archiveVersion = 1;
	classes = {
	};
	objectVersion = 56;
	objects = {

/* Begin PBXBuildFile section */
		CA2EF3D729D837DE00A2243A /* TabBarNavigationViewController.swift in Sources */ = {isa = PBXBuildFile; fileRef = CA2EF3D629D837DE00A2243A /* TabBarNavigationViewController.swift */; };
		CA2EF3D929D83B1200A2243A /* PrevHeaderView.swift in Sources */ = {isa = PBXBuildFile; fileRef = CA2EF3D829D83B1200A2243A /* PrevHeaderView.swift */; };
		CA2EF3DB29D9CE2C00A2243A /* AddForkSearchBarView.swift in Sources */ = {isa = PBXBuildFile; fileRef = CA2EF3DA29D9CE2C00A2243A /* AddForkSearchBarView.swift */; };
		CA2EF3DD29D9CE5800A2243A /* AddForkSearchInputView.swift in Sources */ = {isa = PBXBuildFile; fileRef = CA2EF3DC29D9CE5800A2243A /* AddForkSearchInputView.swift */; };
		CA2EF3DF29D9CE6300A2243A /* AddForkSearchItemView.swift in Sources */ = {isa = PBXBuildFile; fileRef = CA2EF3DE29D9CE6300A2243A /* AddForkSearchItemView.swift */; };
		CA3A3CC329D47DA000AB98AC /* NavigationDelegate.swift in Sources */ = {isa = PBXBuildFile; fileRef = CA3A3CC229D47DA000AB98AC /* NavigationDelegate.swift */; };
		CA3A3CC529D47F6300AB98AC /* NavigationTarget.swift in Sources */ = {isa = PBXBuildFile; fileRef = CA3A3CC429D47F6300AB98AC /* NavigationTarget.swift */; };
		CA3C3EFE29B95B7B002A8A40 /* UIDevice+.swift in Sources */ = {isa = PBXBuildFile; fileRef = CA3C3EFD29B95B7B002A8A40 /* UIDevice+.swift */; };
		CA3C3F0029BA1090002A8A40 /* TabBarViewModel.swift in Sources */ = {isa = PBXBuildFile; fileRef = CA3C3EFF29BA1090002A8A40 /* TabBarViewModel.swift */; };
		CA3F001029C8A0820090C627 /* AddForkSearchView.swift in Sources */ = {isa = PBXBuildFile; fileRef = CA3F000F29C8A0820090C627 /* AddForkSearchView.swift */; };
		CA3F001229C8A0900090C627 /* AddForkSearchViewController.swift in Sources */ = {isa = PBXBuildFile; fileRef = CA3F001129C8A0900090C627 /* AddForkSearchViewController.swift */; };
		CA3FE7E929BCA323003DBC13 /* ViewModelProtocol.swift in Sources */ = {isa = PBXBuildFile; fileRef = CA3FE7E829BCA323003DBC13 /* ViewModelProtocol.swift */; };
		CA4B0BDF29B83C88002A2269 /* TabBarViewController.swift in Sources */ = {isa = PBXBuildFile; fileRef = CA4B0BDE29B83C88002A2269 /* TabBarViewController.swift */; };
		CA4B0BE129B8506A002A2269 /* TabBarView.swift in Sources */ = {isa = PBXBuildFile; fileRef = CA4B0BE029B8506A002A2269 /* TabBarView.swift */; };
		CA4B0BE329B8B619002A2269 /* TabBarItemView.swift in Sources */ = {isa = PBXBuildFile; fileRef = CA4B0BE229B8B619002A2269 /* TabBarItemView.swift */; };
		CA4B0BE529B8B7D0002A2269 /* TabBarEnum.swift in Sources */ = {isa = PBXBuildFile; fileRef = CA4B0BE429B8B7D0002A2269 /* TabBarEnum.swift */; };
		CA4B0BE829B8B8B0002A2269 /* ForkView.swift in Sources */ = {isa = PBXBuildFile; fileRef = CA4B0BE729B8B8B0002A2269 /* ForkView.swift */; };
		CA4B0BEA29B8B8D1002A2269 /* ForkViewController.swift in Sources */ = {isa = PBXBuildFile; fileRef = CA4B0BE929B8B8D1002A2269 /* ForkViewController.swift */; };
		CA4B0CD729B8DC85002A2269 /* map_pinup_custom@3x.png in Resources */ = {isa = PBXBuildFile; fileRef = CA4B0CB229B8DC84002A2269 /* map_pinup_custom@3x.png */; };
		CA4B0CD829B8DC85002A2269 /* map_pin_custom.png in Resources */ = {isa = PBXBuildFile; fileRef = CA4B0CB329B8DC84002A2269 /* map_pin_custom.png */; };
		CA4B0CD929B8DC85002A2269 /* shadow_balloon.png in Resources */ = {isa = PBXBuildFile; fileRef = CA4B0CB429B8DC84002A2269 /* shadow_balloon.png */; };
		CA4B0CDA29B8DC85002A2269 /* map_pinup.png in Resources */ = {isa = PBXBuildFile; fileRef = CA4B0CB529B8DC84002A2269 /* map_pinup.png */; };
		CA4B0CDB29B8DC85002A2269 /* detail_button.png in Resources */ = {isa = PBXBuildFile; fileRef = CA4B0CB629B8DC84002A2269 /* detail_button.png */; };
		CA4B0CDC29B8DC85002A2269 /* map_pin_custom@3x.png in Resources */ = {isa = PBXBuildFile; fileRef = CA4B0CB729B8DC84002A2269 /* map_pin_custom@3x.png */; };
		CA4B0CDD29B8DC85002A2269 /* map_pinup@3x.png in Resources */ = {isa = PBXBuildFile; fileRef = CA4B0CB829B8DC84002A2269 /* map_pinup@3x.png */; };
		CA4B0CDE29B8DC85002A2269 /* map_pin_shadow@3x.png in Resources */ = {isa = PBXBuildFile; fileRef = CA4B0CB929B8DC84002A2269 /* map_pin_shadow@3x.png */; };
		CA4B0CDF29B8DC85002A2269 /* copyright.png in Resources */ = {isa = PBXBuildFile; fileRef = CA4B0CBA29B8DC84002A2269 /* copyright.png */; };
		CA4B0CE029B8DC85002A2269 /* th_line.png in Resources */ = {isa = PBXBuildFile; fileRef = CA4B0CBB29B8DC84002A2269 /* th_line.png */; };
		CA4B0CE129B8DC85002A2269 /* map_pin_red@3x.png in Resources */ = {isa = PBXBuildFile; fileRef = CA4B0CBC29B8DC84002A2269 /* map_pin_red@3x.png */; };
		CA4B0CE229B8DC85002A2269 /* daum_copyright.png in Resources */ = {isa = PBXBuildFile; fileRef = CA4B0CBD29B8DC84002A2269 /* daum_copyright.png */; };
		CA4B0CE329B8DC85002A2269 /* map_pin@3x.png in Resources */ = {isa = PBXBuildFile; fileRef = CA4B0CBE29B8DC84002A2269 /* map_pin@3x.png */; };
		CA4B0CE429B8DC85002A2269 /* map_present_tracking.png in Resources */ = {isa = PBXBuildFile; fileRef = CA4B0CBF29B8DC84002A2269 /* map_present_tracking.png */; };
		CA4B0CE529B8DC85002A2269 /* map_pin_red.png in Resources */ = {isa = PBXBuildFile; fileRef = CA4B0CC029B8DC84002A2269 /* map_pin_red.png */; };
		CA4B0CE629B8DC85002A2269 /* info_box.png in Resources */ = {isa = PBXBuildFile; fileRef = CA4B0CCA29B8DC84002A2269 /* info_box.png */; };
		CA4B0CE729B8DC85002A2269 /* point_sprite.png in Resources */ = {isa = PBXBuildFile; fileRef = CA4B0CCB29B8DC84002A2269 /* point_sprite.png */; };
		CA4B0CE829B8DC85002A2269 /* map_pinup_custom.png in Resources */ = {isa = PBXBuildFile; fileRef = CA4B0CCC29B8DC84002A2269 /* map_pinup_custom.png */; };
		CA4B0CE929B8DC85002A2269 /* info_box_tail.png in Resources */ = {isa = PBXBuildFile; fileRef = CA4B0CCD29B8DC84002A2269 /* info_box_tail.png */; };
		CA4B0CEA29B8DC85002A2269 /* noimage256.png in Resources */ = {isa = PBXBuildFile; fileRef = CA4B0CCE29B8DC84002A2269 /* noimage256.png */; };
		CA4B0CEB29B8DC85002A2269 /* map_present_direction.png in Resources */ = {isa = PBXBuildFile; fileRef = CA4B0CCF29B8DC84002A2269 /* map_present_direction.png */; };
		CA4B0CEC29B8DC85002A2269 /* map_pin.png in Resources */ = {isa = PBXBuildFile; fileRef = CA4B0CD029B8DC84002A2269 /* map_pin.png */; };
		CA4B0CED29B8DC85002A2269 /* map_present.png in Resources */ = {isa = PBXBuildFile; fileRef = CA4B0CD129B8DC84002A2269 /* map_present.png */; };
		CA4B0CEE29B8DC85002A2269 /* noimage.png in Resources */ = {isa = PBXBuildFile; fileRef = CA4B0CD229B8DC84002A2269 /* noimage.png */; };
		CA4B0CEF29B8DC85002A2269 /* map_present_background_update.png in Resources */ = {isa = PBXBuildFile; fileRef = CA4B0CD329B8DC84002A2269 /* map_present_background_update.png */; };
		CA4B0CF029B8DC85002A2269 /* daum_th_line.png in Resources */ = {isa = PBXBuildFile; fileRef = CA4B0CD429B8DC84002A2269 /* daum_th_line.png */; };
		CA4B0CF129B8DC85002A2269 /* map_pin_shadow.png in Resources */ = {isa = PBXBuildFile; fileRef = CA4B0CD529B8DC84002A2269 /* map_pin_shadow.png */; };
		CA4B0CF229B8DC85002A2269 /* DaumMap.framework in Frameworks */ = {isa = PBXBuildFile; fileRef = CA4B0CD629B8DC84002A2269 /* DaumMap.framework */; };
		CA4BEEEB29BD99BE0062E59B /* PlateView.swift in Sources */ = {isa = PBXBuildFile; fileRef = CA4BEEEA29BD99BE0062E59B /* PlateView.swift */; };
		CA4BEEED29BD99D20062E59B /* PlateViewController.swift in Sources */ = {isa = PBXBuildFile; fileRef = CA4BEEEC29BD99D20062E59B /* PlateViewController.swift */; };
		CA4BEEF029BD9FC60062E59B /* HeaderView.swift in Sources */ = {isa = PBXBuildFile; fileRef = CA4BEEEF29BD9FC60062E59B /* HeaderView.swift */; };
		CA4BEEF329BDA7920062E59B /* NotoSansKR-Bold.otf in Resources */ = {isa = PBXBuildFile; fileRef = CA4BEEF229BDA7920062E59B /* NotoSansKR-Bold.otf */; };
		CA4BEEF529BDC1FA0062E59B /* ForkDiscriptionView.swift in Sources */ = {isa = PBXBuildFile; fileRef = CA4BEEF429BDC1FA0062E59B /* ForkDiscriptionView.swift */; };
		CA4BEEF829BDE1F80062E59B /* ViewProtocol.swift in Sources */ = {isa = PBXBuildFile; fileRef = CA4BEEF729BDE1F80062E59B /* ViewProtocol.swift */; };
		CA54541329C6C2EA00BD83CD /* PlateViewModel.swift in Sources */ = {isa = PBXBuildFile; fileRef = CA54541229C6C2EA00BD83CD /* PlateViewModel.swift */; };
		CA54541529C6C4CA00BD83CD /* PlateMapView.swift in Sources */ = {isa = PBXBuildFile; fileRef = CA54541429C6C4CA00BD83CD /* PlateMapView.swift */; };
		CA54541729C6C59400BD83CD /* UIView+.swift in Sources */ = {isa = PBXBuildFile; fileRef = CA54541629C6C59400BD83CD /* UIView+.swift */; };
		CA54541A29C7283800BD83CD /* CoreLocation.framework in Frameworks */ = {isa = PBXBuildFile; fileRef = CA4B0CA929B8DBE3002A2269 /* CoreLocation.framework */; };
		CA54541B29C7284300BD83CD /* libc++.tbd in Frameworks */ = {isa = PBXBuildFile; fileRef = CA4B0CAB29B8DBE4002A2269 /* libc++.tbd */; };
		CA54541C29C7284D00BD83CD /* libsqlite3.tbd in Frameworks */ = {isa = PBXBuildFile; fileRef = CA4B0CAC29B8DBE4002A2269 /* libsqlite3.tbd */; };
		CA54541D29C7285400BD83CD /* libxml2.tbd in Frameworks */ = {isa = PBXBuildFile; fileRef = CA4B0CAA29B8DBE3002A2269 /* libxml2.tbd */; };
		CA54541E29C7285C00BD83CD /* OpenGLES.framework in Frameworks */ = {isa = PBXBuildFile; fileRef = CA4B0CAE29B8DBE4002A2269 /* OpenGLES.framework */; };
		CA54541F29C7286600BD83CD /* QuartzCore.framework in Frameworks */ = {isa = PBXBuildFile; fileRef = CA4B0CAF29B8DBE4002A2269 /* QuartzCore.framework */; };
		CA54542029C7286E00BD83CD /* SystemConfiguration.framework in Frameworks */ = {isa = PBXBuildFile; fileRef = CA4B0CAD29B8DBE4002A2269 /* SystemConfiguration.framework */; };
		CA607B4B29B4C6E4007D4B46 /* Realm in Frameworks */ = {isa = PBXBuildFile; productRef = CA607B4A29B4C6E4007D4B46 /* Realm */; };
		CA607B4D29B4C6E4007D4B46 /* RealmSwift in Frameworks */ = {isa = PBXBuildFile; productRef = CA607B4C29B4C6E4007D4B46 /* RealmSwift */; };
		CA607B5029B4CF02007D4B46 /* NotoSansKR-Regular.otf in Resources */ = {isa = PBXBuildFile; fileRef = CA607B4F29B4CF02007D4B46 /* NotoSansKR-Regular.otf */; };
		CA607B5329B4D4DB007D4B46 /* UIFont+.swift in Sources */ = {isa = PBXBuildFile; fileRef = CA607B5229B4D4DB007D4B46 /* UIFont+.swift */; };
		CA607B5529B4D58C007D4B46 /* UIColor+.swift in Sources */ = {isa = PBXBuildFile; fileRef = CA607B5429B4D58C007D4B46 /* UIColor+.swift */; };
		CA67447929C0D45E0051F3CE /* UIImage+.swift in Sources */ = {isa = PBXBuildFile; fileRef = CA67447829C0D45E0051F3CE /* UIImage+.swift */; };
		CAC37B3D29BF6FDF0047BAEE /* ForkListView.swift in Sources */ = {isa = PBXBuildFile; fileRef = CAC37B3C29BF6FDF0047BAEE /* ForkListView.swift */; };
		CAC37B3F29BF70000047BAEE /* ForkViewModel.swift in Sources */ = {isa = PBXBuildFile; fileRef = CAC37B3E29BF70000047BAEE /* ForkViewModel.swift */; };
		CAC37B4129BF72BE0047BAEE /* ForkItemView.swift in Sources */ = {isa = PBXBuildFile; fileRef = CAC37B4029BF72BE0047BAEE /* ForkItemView.swift */; };
		CAC37B4329BF7AF40047BAEE /* StarRateLabel.swift in Sources */ = {isa = PBXBuildFile; fileRef = CAC37B4229BF7AF40047BAEE /* StarRateLabel.swift */; };
		CAC37B4729BF7D3A0047BAEE /* Double+.swift in Sources */ = {isa = PBXBuildFile; fileRef = CAC37B4629BF7D3A0047BAEE /* Double+.swift */; };
		CAFB23CF29B4B92700FF903F /* AppDelegate.swift in Sources */ = {isa = PBXBuildFile; fileRef = CAFB23CE29B4B92700FF903F /* AppDelegate.swift */; };
		CAFB23D129B4B92700FF903F /* SceneDelegate.swift in Sources */ = {isa = PBXBuildFile; fileRef = CAFB23D029B4B92700FF903F /* SceneDelegate.swift */; };
		CAFB23D629B4B92700FF903F /* Main.storyboard in Resources */ = {isa = PBXBuildFile; fileRef = CAFB23D429B4B92700FF903F /* Main.storyboard */; };
		CAFB23D829B4B92900FF903F /* Assets.xcassets in Resources */ = {isa = PBXBuildFile; fileRef = CAFB23D729B4B92900FF903F /* Assets.xcassets */; };
		CAFB23DB29B4B92900FF903F /* LaunchScreen.storyboard in Resources */ = {isa = PBXBuildFile; fileRef = CAFB23D929B4B92900FF903F /* LaunchScreen.storyboard */; };
		CAFB23E629B4B92900FF903F /* FoodForkTests.swift in Sources */ = {isa = PBXBuildFile; fileRef = CAFB23E529B4B92900FF903F /* FoodForkTests.swift */; };
		CAFB23F029B4B92900FF903F /* FoodForkUITests.swift in Sources */ = {isa = PBXBuildFile; fileRef = CAFB23EF29B4B92900FF903F /* FoodForkUITests.swift */; };
		CAFB23F229B4B92900FF903F /* FoodForkUITestsLaunchTests.swift in Sources */ = {isa = PBXBuildFile; fileRef = CAFB23F129B4B92900FF903F /* FoodForkUITestsLaunchTests.swift */; };
		CAFB240029B4C01800FF903F /* SnapKit in Frameworks */ = {isa = PBXBuildFile; productRef = CAFB23FF29B4C01800FF903F /* SnapKit */; };
		CAFB240329B4C03400FF903F /* RxCocoa in Frameworks */ = {isa = PBXBuildFile; productRef = CAFB240229B4C03400FF903F /* RxCocoa */; };
		CAFB240529B4C03500FF903F /* RxSwift in Frameworks */ = {isa = PBXBuildFile; productRef = CAFB240429B4C03400FF903F /* RxSwift */; };
/* End PBXBuildFile section */

/* Begin PBXContainerItemProxy section */
		CAFB23E229B4B92900FF903F /* PBXContainerItemProxy */ = {
			isa = PBXContainerItemProxy;
			containerPortal = CAFB23C329B4B92700FF903F /* Project object */;
			proxyType = 1;
			remoteGlobalIDString = CAFB23CA29B4B92700FF903F;
			remoteInfo = FoodFork;
		};
		CAFB23EC29B4B92900FF903F /* PBXContainerItemProxy */ = {
			isa = PBXContainerItemProxy;
			containerPortal = CAFB23C329B4B92700FF903F /* Project object */;
			proxyType = 1;
			remoteGlobalIDString = CAFB23CA29B4B92700FF903F;
			remoteInfo = FoodFork;
		};
/* End PBXContainerItemProxy section */

/* Begin PBXFileReference section */
		CA2EF3D629D837DE00A2243A /* TabBarNavigationViewController.swift */ = {isa = PBXFileReference; lastKnownFileType = sourcecode.swift; path = TabBarNavigationViewController.swift; sourceTree = "<group>"; };
		CA2EF3D829D83B1200A2243A /* PrevHeaderView.swift */ = {isa = PBXFileReference; lastKnownFileType = sourcecode.swift; path = PrevHeaderView.swift; sourceTree = "<group>"; };
		CA2EF3DA29D9CE2C00A2243A /* AddForkSearchBarView.swift */ = {isa = PBXFileReference; lastKnownFileType = sourcecode.swift; path = AddForkSearchBarView.swift; sourceTree = "<group>"; };
		CA2EF3DC29D9CE5800A2243A /* AddForkSearchInputView.swift */ = {isa = PBXFileReference; lastKnownFileType = sourcecode.swift; path = AddForkSearchInputView.swift; sourceTree = "<group>"; };
		CA2EF3DE29D9CE6300A2243A /* AddForkSearchItemView.swift */ = {isa = PBXFileReference; lastKnownFileType = sourcecode.swift; path = AddForkSearchItemView.swift; sourceTree = "<group>"; };
		CA3A3CC229D47DA000AB98AC /* NavigationDelegate.swift */ = {isa = PBXFileReference; lastKnownFileType = sourcecode.swift; path = NavigationDelegate.swift; sourceTree = "<group>"; };
		CA3A3CC429D47F6300AB98AC /* NavigationTarget.swift */ = {isa = PBXFileReference; lastKnownFileType = sourcecode.swift; path = NavigationTarget.swift; sourceTree = "<group>"; };
		CA3C3EFD29B95B7B002A8A40 /* UIDevice+.swift */ = {isa = PBXFileReference; lastKnownFileType = sourcecode.swift; path = "UIDevice+.swift"; sourceTree = "<group>"; };
		CA3C3EFF29BA1090002A8A40 /* TabBarViewModel.swift */ = {isa = PBXFileReference; lastKnownFileType = sourcecode.swift; path = TabBarViewModel.swift; sourceTree = "<group>"; };
		CA3F000F29C8A0820090C627 /* AddForkSearchView.swift */ = {isa = PBXFileReference; lastKnownFileType = sourcecode.swift; path = AddForkSearchView.swift; sourceTree = "<group>"; };
		CA3F001129C8A0900090C627 /* AddForkSearchViewController.swift */ = {isa = PBXFileReference; lastKnownFileType = sourcecode.swift; path = AddForkSearchViewController.swift; sourceTree = "<group>"; };
		CA3FE7E829BCA323003DBC13 /* ViewModelProtocol.swift */ = {isa = PBXFileReference; lastKnownFileType = sourcecode.swift; path = ViewModelProtocol.swift; sourceTree = "<group>"; };
		CA4B0BDE29B83C88002A2269 /* TabBarViewController.swift */ = {isa = PBXFileReference; lastKnownFileType = sourcecode.swift; path = TabBarViewController.swift; sourceTree = "<group>"; };
		CA4B0BE029B8506A002A2269 /* TabBarView.swift */ = {isa = PBXFileReference; lastKnownFileType = sourcecode.swift; path = TabBarView.swift; sourceTree = "<group>"; };
		CA4B0BE229B8B619002A2269 /* TabBarItemView.swift */ = {isa = PBXFileReference; lastKnownFileType = sourcecode.swift; path = TabBarItemView.swift; sourceTree = "<group>"; };
		CA4B0BE429B8B7D0002A2269 /* TabBarEnum.swift */ = {isa = PBXFileReference; lastKnownFileType = sourcecode.swift; path = TabBarEnum.swift; sourceTree = "<group>"; };
		CA4B0BE729B8B8B0002A2269 /* ForkView.swift */ = {isa = PBXFileReference; lastKnownFileType = sourcecode.swift; path = ForkView.swift; sourceTree = "<group>"; };
		CA4B0BE929B8B8D1002A2269 /* ForkViewController.swift */ = {isa = PBXFileReference; lastKnownFileType = sourcecode.swift; path = ForkViewController.swift; sourceTree = "<group>"; };
		CA4B0BF129B8CD6C002A2269 /* UIKit.framework */ = {isa = PBXFileReference; lastKnownFileType = wrapper.framework; name = UIKit.framework; path = System/Library/Frameworks/UIKit.framework; sourceTree = SDKROOT; };
		CA4B0BF329B8CD76002A2269 /* Foundation.framework */ = {isa = PBXFileReference; lastKnownFileType = wrapper.framework; name = Foundation.framework; path = System/Library/Frameworks/Foundation.framework; sourceTree = SDKROOT; };
		CA4B0CA929B8DBE3002A2269 /* CoreLocation.framework */ = {isa = PBXFileReference; lastKnownFileType = wrapper.framework; name = CoreLocation.framework; path = System/Library/Frameworks/CoreLocation.framework; sourceTree = SDKROOT; };
		CA4B0CAA29B8DBE3002A2269 /* libxml2.tbd */ = {isa = PBXFileReference; lastKnownFileType = "sourcecode.text-based-dylib-definition"; name = libxml2.tbd; path = usr/lib/libxml2.tbd; sourceTree = SDKROOT; };
		CA4B0CAB29B8DBE4002A2269 /* libc++.tbd */ = {isa = PBXFileReference; lastKnownFileType = "sourcecode.text-based-dylib-definition"; name = "libc++.tbd"; path = "usr/lib/libc++.tbd"; sourceTree = SDKROOT; };
		CA4B0CAC29B8DBE4002A2269 /* libsqlite3.tbd */ = {isa = PBXFileReference; lastKnownFileType = "sourcecode.text-based-dylib-definition"; name = libsqlite3.tbd; path = usr/lib/libsqlite3.tbd; sourceTree = SDKROOT; };
		CA4B0CAD29B8DBE4002A2269 /* SystemConfiguration.framework */ = {isa = PBXFileReference; lastKnownFileType = wrapper.framework; name = SystemConfiguration.framework; path = System/Library/Frameworks/SystemConfiguration.framework; sourceTree = SDKROOT; };
		CA4B0CAE29B8DBE4002A2269 /* OpenGLES.framework */ = {isa = PBXFileReference; lastKnownFileType = wrapper.framework; name = OpenGLES.framework; path = System/Library/Frameworks/OpenGLES.framework; sourceTree = SDKROOT; };
		CA4B0CAF29B8DBE4002A2269 /* QuartzCore.framework */ = {isa = PBXFileReference; lastKnownFileType = wrapper.framework; name = QuartzCore.framework; path = System/Library/Frameworks/QuartzCore.framework; sourceTree = SDKROOT; };
		CA4B0CB229B8DC84002A2269 /* map_pinup_custom@3x.png */ = {isa = PBXFileReference; lastKnownFileType = image.png; path = "map_pinup_custom@3x.png"; sourceTree = "<group>"; };
		CA4B0CB329B8DC84002A2269 /* map_pin_custom.png */ = {isa = PBXFileReference; lastKnownFileType = image.png; path = map_pin_custom.png; sourceTree = "<group>"; };
		CA4B0CB429B8DC84002A2269 /* shadow_balloon.png */ = {isa = PBXFileReference; lastKnownFileType = image.png; path = shadow_balloon.png; sourceTree = "<group>"; };
		CA4B0CB529B8DC84002A2269 /* map_pinup.png */ = {isa = PBXFileReference; lastKnownFileType = image.png; path = map_pinup.png; sourceTree = "<group>"; };
		CA4B0CB629B8DC84002A2269 /* detail_button.png */ = {isa = PBXFileReference; lastKnownFileType = image.png; path = detail_button.png; sourceTree = "<group>"; };
		CA4B0CB729B8DC84002A2269 /* map_pin_custom@3x.png */ = {isa = PBXFileReference; lastKnownFileType = image.png; path = "map_pin_custom@3x.png"; sourceTree = "<group>"; };
		CA4B0CB829B8DC84002A2269 /* map_pinup@3x.png */ = {isa = PBXFileReference; lastKnownFileType = image.png; path = "map_pinup@3x.png"; sourceTree = "<group>"; };
		CA4B0CB929B8DC84002A2269 /* map_pin_shadow@3x.png */ = {isa = PBXFileReference; lastKnownFileType = image.png; path = "map_pin_shadow@3x.png"; sourceTree = "<group>"; };
		CA4B0CBA29B8DC84002A2269 /* copyright.png */ = {isa = PBXFileReference; lastKnownFileType = image.png; path = copyright.png; sourceTree = "<group>"; };
		CA4B0CBB29B8DC84002A2269 /* th_line.png */ = {isa = PBXFileReference; lastKnownFileType = image.png; path = th_line.png; sourceTree = "<group>"; };
		CA4B0CBC29B8DC84002A2269 /* map_pin_red@3x.png */ = {isa = PBXFileReference; lastKnownFileType = image.png; path = "map_pin_red@3x.png"; sourceTree = "<group>"; };
		CA4B0CBD29B8DC84002A2269 /* daum_copyright.png */ = {isa = PBXFileReference; lastKnownFileType = image.png; path = daum_copyright.png; sourceTree = "<group>"; };
		CA4B0CBE29B8DC84002A2269 /* map_pin@3x.png */ = {isa = PBXFileReference; lastKnownFileType = image.png; path = "map_pin@3x.png"; sourceTree = "<group>"; };
		CA4B0CBF29B8DC84002A2269 /* map_present_tracking.png */ = {isa = PBXFileReference; lastKnownFileType = image.png; path = map_present_tracking.png; sourceTree = "<group>"; };
		CA4B0CC029B8DC84002A2269 /* map_pin_red.png */ = {isa = PBXFileReference; lastKnownFileType = image.png; path = map_pin_red.png; sourceTree = "<group>"; };
		CA4B0CC229B8DC84002A2269 /* MTMapPOIItem.h */ = {isa = PBXFileReference; fileEncoding = 4; lastKnownFileType = sourcecode.c.h; path = MTMapPOIItem.h; sourceTree = "<group>"; };
		CA4B0CC329B8DC84002A2269 /* MTMapCameraUpdate.h */ = {isa = PBXFileReference; fileEncoding = 4; lastKnownFileType = sourcecode.c.h; path = MTMapCameraUpdate.h; sourceTree = "<group>"; };
		CA4B0CC429B8DC84002A2269 /* MTMapReverseGeoCoder.h */ = {isa = PBXFileReference; fileEncoding = 4; lastKnownFileType = sourcecode.c.h; path = MTMapReverseGeoCoder.h; sourceTree = "<group>"; };
		CA4B0CC529B8DC84002A2269 /* MTMapPolyline.h */ = {isa = PBXFileReference; fileEncoding = 4; lastKnownFileType = sourcecode.c.h; path = MTMapPolyline.h; sourceTree = "<group>"; };
		CA4B0CC629B8DC84002A2269 /* MTMapLocationMarkerItem.h */ = {isa = PBXFileReference; fileEncoding = 4; lastKnownFileType = sourcecode.c.h; path = MTMapLocationMarkerItem.h; sourceTree = "<group>"; };
		CA4B0CC729B8DC84002A2269 /* MTMapView.h */ = {isa = PBXFileReference; fileEncoding = 4; lastKnownFileType = sourcecode.c.h; path = MTMapView.h; sourceTree = "<group>"; };
		CA4B0CC829B8DC84002A2269 /* MTMapGeometry.h */ = {isa = PBXFileReference; fileEncoding = 4; lastKnownFileType = sourcecode.c.h; path = MTMapGeometry.h; sourceTree = "<group>"; };
		CA4B0CC929B8DC84002A2269 /* MTMapCircle.h */ = {isa = PBXFileReference; fileEncoding = 4; lastKnownFileType = sourcecode.c.h; path = MTMapCircle.h; sourceTree = "<group>"; };
		CA4B0CCA29B8DC84002A2269 /* info_box.png */ = {isa = PBXFileReference; lastKnownFileType = image.png; path = info_box.png; sourceTree = "<group>"; };
		CA4B0CCB29B8DC84002A2269 /* point_sprite.png */ = {isa = PBXFileReference; lastKnownFileType = image.png; path = point_sprite.png; sourceTree = "<group>"; };
		CA4B0CCC29B8DC84002A2269 /* map_pinup_custom.png */ = {isa = PBXFileReference; lastKnownFileType = image.png; path = map_pinup_custom.png; sourceTree = "<group>"; };
		CA4B0CCD29B8DC84002A2269 /* info_box_tail.png */ = {isa = PBXFileReference; lastKnownFileType = image.png; path = info_box_tail.png; sourceTree = "<group>"; };
		CA4B0CCE29B8DC84002A2269 /* noimage256.png */ = {isa = PBXFileReference; lastKnownFileType = image.png; path = noimage256.png; sourceTree = "<group>"; };
		CA4B0CCF29B8DC84002A2269 /* map_present_direction.png */ = {isa = PBXFileReference; lastKnownFileType = image.png; path = map_present_direction.png; sourceTree = "<group>"; };
		CA4B0CD029B8DC84002A2269 /* map_pin.png */ = {isa = PBXFileReference; lastKnownFileType = image.png; path = map_pin.png; sourceTree = "<group>"; };
		CA4B0CD129B8DC84002A2269 /* map_present.png */ = {isa = PBXFileReference; lastKnownFileType = image.png; path = map_present.png; sourceTree = "<group>"; };
		CA4B0CD229B8DC84002A2269 /* noimage.png */ = {isa = PBXFileReference; lastKnownFileType = image.png; path = noimage.png; sourceTree = "<group>"; };
		CA4B0CD329B8DC84002A2269 /* map_present_background_update.png */ = {isa = PBXFileReference; lastKnownFileType = image.png; path = map_present_background_update.png; sourceTree = "<group>"; };
		CA4B0CD429B8DC84002A2269 /* daum_th_line.png */ = {isa = PBXFileReference; lastKnownFileType = image.png; path = daum_th_line.png; sourceTree = "<group>"; };
		CA4B0CD529B8DC84002A2269 /* map_pin_shadow.png */ = {isa = PBXFileReference; lastKnownFileType = image.png; path = map_pin_shadow.png; sourceTree = "<group>"; };
		CA4B0CD629B8DC84002A2269 /* DaumMap.framework */ = {isa = PBXFileReference; lastKnownFileType = wrapper.framework; path = DaumMap.framework; sourceTree = "<group>"; };
		CA4BEEEA29BD99BE0062E59B /* PlateView.swift */ = {isa = PBXFileReference; lastKnownFileType = sourcecode.swift; path = PlateView.swift; sourceTree = "<group>"; };
		CA4BEEEC29BD99D20062E59B /* PlateViewController.swift */ = {isa = PBXFileReference; lastKnownFileType = sourcecode.swift; path = PlateViewController.swift; sourceTree = "<group>"; };
		CA4BEEEF29BD9FC60062E59B /* HeaderView.swift */ = {isa = PBXFileReference; lastKnownFileType = sourcecode.swift; path = HeaderView.swift; sourceTree = "<group>"; };
		CA4BEEF229BDA7920062E59B /* NotoSansKR-Bold.otf */ = {isa = PBXFileReference; lastKnownFileType = file; path = "NotoSansKR-Bold.otf"; sourceTree = "<group>"; };
		CA4BEEF429BDC1FA0062E59B /* ForkDiscriptionView.swift */ = {isa = PBXFileReference; lastKnownFileType = sourcecode.swift; path = ForkDiscriptionView.swift; sourceTree = "<group>"; };
		CA4BEEF729BDE1F80062E59B /* ViewProtocol.swift */ = {isa = PBXFileReference; lastKnownFileType = sourcecode.swift; path = ViewProtocol.swift; sourceTree = "<group>"; };
		CA54541229C6C2EA00BD83CD /* PlateViewModel.swift */ = {isa = PBXFileReference; lastKnownFileType = sourcecode.swift; path = PlateViewModel.swift; sourceTree = "<group>"; };
		CA54541429C6C4CA00BD83CD /* PlateMapView.swift */ = {isa = PBXFileReference; lastKnownFileType = sourcecode.swift; path = PlateMapView.swift; sourceTree = "<group>"; };
		CA54541629C6C59400BD83CD /* UIView+.swift */ = {isa = PBXFileReference; lastKnownFileType = sourcecode.swift; path = "UIView+.swift"; sourceTree = "<group>"; };
		CA54541829C7155200BD83CD /* KakaoMapHeader.h */ = {isa = PBXFileReference; lastKnownFileType = sourcecode.c.h; path = KakaoMapHeader.h; sourceTree = "<group>"; };
		CA607B4F29B4CF02007D4B46 /* NotoSansKR-Regular.otf */ = {isa = PBXFileReference; lastKnownFileType = file; path = "NotoSansKR-Regular.otf"; sourceTree = "<group>"; };
		CA607B5229B4D4DB007D4B46 /* UIFont+.swift */ = {isa = PBXFileReference; lastKnownFileType = sourcecode.swift; path = "UIFont+.swift"; sourceTree = "<group>"; };
		CA607B5429B4D58C007D4B46 /* UIColor+.swift */ = {isa = PBXFileReference; lastKnownFileType = sourcecode.swift; path = "UIColor+.swift"; sourceTree = "<group>"; };
		CA67447829C0D45E0051F3CE /* UIImage+.swift */ = {isa = PBXFileReference; lastKnownFileType = sourcecode.swift; path = "UIImage+.swift"; sourceTree = "<group>"; };
		CAC37B3C29BF6FDF0047BAEE /* ForkListView.swift */ = {isa = PBXFileReference; lastKnownFileType = sourcecode.swift; path = ForkListView.swift; sourceTree = "<group>"; };
		CAC37B3E29BF70000047BAEE /* ForkViewModel.swift */ = {isa = PBXFileReference; lastKnownFileType = sourcecode.swift; path = ForkViewModel.swift; sourceTree = "<group>"; };
		CAC37B4029BF72BE0047BAEE /* ForkItemView.swift */ = {isa = PBXFileReference; lastKnownFileType = sourcecode.swift; path = ForkItemView.swift; sourceTree = "<group>"; };
		CAC37B4229BF7AF40047BAEE /* StarRateLabel.swift */ = {isa = PBXFileReference; lastKnownFileType = sourcecode.swift; path = StarRateLabel.swift; sourceTree = "<group>"; };
		CAC37B4629BF7D3A0047BAEE /* Double+.swift */ = {isa = PBXFileReference; lastKnownFileType = sourcecode.swift; path = "Double+.swift"; sourceTree = "<group>"; };
		CAFB23CB29B4B92700FF903F /* FoodFork.app */ = {isa = PBXFileReference; explicitFileType = wrapper.application; includeInIndex = 0; path = FoodFork.app; sourceTree = BUILT_PRODUCTS_DIR; };
		CAFB23CE29B4B92700FF903F /* AppDelegate.swift */ = {isa = PBXFileReference; lastKnownFileType = sourcecode.swift; path = AppDelegate.swift; sourceTree = "<group>"; };
		CAFB23D029B4B92700FF903F /* SceneDelegate.swift */ = {isa = PBXFileReference; lastKnownFileType = sourcecode.swift; path = SceneDelegate.swift; sourceTree = "<group>"; };
		CAFB23D529B4B92700FF903F /* Base */ = {isa = PBXFileReference; lastKnownFileType = file.storyboard; name = Base; path = Base.lproj/Main.storyboard; sourceTree = "<group>"; };
		CAFB23D729B4B92900FF903F /* Assets.xcassets */ = {isa = PBXFileReference; lastKnownFileType = folder.assetcatalog; path = Assets.xcassets; sourceTree = "<group>"; };
		CAFB23DA29B4B92900FF903F /* Base */ = {isa = PBXFileReference; lastKnownFileType = file.storyboard; name = Base; path = Base.lproj/LaunchScreen.storyboard; sourceTree = "<group>"; };
		CAFB23DC29B4B92900FF903F /* Info.plist */ = {isa = PBXFileReference; lastKnownFileType = text.plist.xml; path = Info.plist; sourceTree = "<group>"; };
		CAFB23E129B4B92900FF903F /* FoodForkTests.xctest */ = {isa = PBXFileReference; explicitFileType = wrapper.cfbundle; includeInIndex = 0; path = FoodForkTests.xctest; sourceTree = BUILT_PRODUCTS_DIR; };
		CAFB23E529B4B92900FF903F /* FoodForkTests.swift */ = {isa = PBXFileReference; lastKnownFileType = sourcecode.swift; path = FoodForkTests.swift; sourceTree = "<group>"; };
		CAFB23EB29B4B92900FF903F /* FoodForkUITests.xctest */ = {isa = PBXFileReference; explicitFileType = wrapper.cfbundle; includeInIndex = 0; path = FoodForkUITests.xctest; sourceTree = BUILT_PRODUCTS_DIR; };
		CAFB23EF29B4B92900FF903F /* FoodForkUITests.swift */ = {isa = PBXFileReference; lastKnownFileType = sourcecode.swift; path = FoodForkUITests.swift; sourceTree = "<group>"; };
		CAFB23F129B4B92900FF903F /* FoodForkUITestsLaunchTests.swift */ = {isa = PBXFileReference; lastKnownFileType = sourcecode.swift; path = FoodForkUITestsLaunchTests.swift; sourceTree = "<group>"; };
/* End PBXFileReference section */

/* Begin PBXFrameworksBuildPhase section */
		CAFB23C829B4B92700FF903F /* Frameworks */ = {
			isa = PBXFrameworksBuildPhase;
			buildActionMask = 2147483647;
			files = (
				CAFB240529B4C03500FF903F /* RxSwift in Frameworks */,
				CAFB240329B4C03400FF903F /* RxCocoa in Frameworks */,
				CA54541B29C7284300BD83CD /* libc++.tbd in Frameworks */,
				CA54541C29C7284D00BD83CD /* libsqlite3.tbd in Frameworks */,
				CA54541E29C7285C00BD83CD /* OpenGLES.framework in Frameworks */,
				CA54542029C7286E00BD83CD /* SystemConfiguration.framework in Frameworks */,
				CA607B4B29B4C6E4007D4B46 /* Realm in Frameworks */,
				CA54541D29C7285400BD83CD /* libxml2.tbd in Frameworks */,
				CAFB240029B4C01800FF903F /* SnapKit in Frameworks */,
				CA54541F29C7286600BD83CD /* QuartzCore.framework in Frameworks */,
				CA54541A29C7283800BD83CD /* CoreLocation.framework in Frameworks */,
				CA4B0CF229B8DC85002A2269 /* DaumMap.framework in Frameworks */,
				CA607B4D29B4C6E4007D4B46 /* RealmSwift in Frameworks */,
			);
			runOnlyForDeploymentPostprocessing = 0;
		};
		CAFB23DE29B4B92900FF903F /* Frameworks */ = {
			isa = PBXFrameworksBuildPhase;
			buildActionMask = 2147483647;
			files = (
			);
			runOnlyForDeploymentPostprocessing = 0;
		};
		CAFB23E829B4B92900FF903F /* Frameworks */ = {
			isa = PBXFrameworksBuildPhase;
			buildActionMask = 2147483647;
			files = (
			);
			runOnlyForDeploymentPostprocessing = 0;
		};
/* End PBXFrameworksBuildPhase section */

/* Begin PBXGroup section */
		CA3F000729C89F040090C627 /* AddFork */ = {
			isa = PBXGroup;
			children = (
				CA3F000A29C89F750090C627 /* AddForkSearch */,
				CA3F000B29C89F7E0090C627 /* AddForkAddress */,
				CA3F000C29C89FD50090C627 /* AddForkPicture */,
				CA3F000E29C89FFB0090C627 /* AddForkReview */,
				CA3F000D29C89FEE0090C627 /* AddForkStarRate */,
			);
			path = AddFork;
			sourceTree = "<group>";
		};
		CA3F000A29C89F750090C627 /* AddForkSearch */ = {
			isa = PBXGroup;
			children = (
				CA3F000F29C8A0820090C627 /* AddForkSearchView.swift */,
				CA3F001129C8A0900090C627 /* AddForkSearchViewController.swift */,
				CA2EF3DA29D9CE2C00A2243A /* AddForkSearchBarView.swift */,
				CA2EF3DC29D9CE5800A2243A /* AddForkSearchInputView.swift */,
				CA2EF3DE29D9CE6300A2243A /* AddForkSearchItemView.swift */,
			);
			path = AddForkSearch;
			sourceTree = "<group>";
		};
		CA3F000B29C89F7E0090C627 /* AddForkAddress */ = {
			isa = PBXGroup;
			children = (
			);
			path = AddForkAddress;
			sourceTree = "<group>";
		};
		CA3F000C29C89FD50090C627 /* AddForkPicture */ = {
			isa = PBXGroup;
			children = (
			);
			path = AddForkPicture;
			sourceTree = "<group>";
		};
		CA3F000D29C89FEE0090C627 /* AddForkStarRate */ = {
			isa = PBXGroup;
			children = (
			);
			path = AddForkStarRate;
			sourceTree = "<group>";
		};
		CA3F000E29C89FFB0090C627 /* AddForkReview */ = {
			isa = PBXGroup;
			children = (
			);
			path = AddForkReview;
			sourceTree = "<group>";
		};
		CA4B0BDC29B78417002A2269 /* UI */ = {
			isa = PBXGroup;
			children = (
				CA4BEEEE29BD9FB60062E59B /* Common */,
				CA4B0BDD29B78426002A2269 /* TabBar */,
				CA4B0BE629B8B8A2002A2269 /* Fork */,
				CA3F000729C89F040090C627 /* AddFork */,
				CA4BEEE929BD99B10062E59B /* Plate */,
			);
			path = UI;
			sourceTree = "<group>";
		};
		CA4B0BDD29B78426002A2269 /* TabBar */ = {
			isa = PBXGroup;
			children = (
				CA4B0BE029B8506A002A2269 /* TabBarView.swift */,
				CA4B0BDE29B83C88002A2269 /* TabBarViewController.swift */,
				CA2EF3D629D837DE00A2243A /* TabBarNavigationViewController.swift */,
				CA3C3EFF29BA1090002A8A40 /* TabBarViewModel.swift */,
				CA4B0BE229B8B619002A2269 /* TabBarItemView.swift */,
				CA4B0BE429B8B7D0002A2269 /* TabBarEnum.swift */,
			);
			path = TabBar;
			sourceTree = "<group>";
		};
		CA4B0BE629B8B8A2002A2269 /* Fork */ = {
			isa = PBXGroup;
			children = (
				CA4B0BE729B8B8B0002A2269 /* ForkView.swift */,
				CA4B0BE929B8B8D1002A2269 /* ForkViewController.swift */,
				CAC37B3E29BF70000047BAEE /* ForkViewModel.swift */,
				CA4BEEF429BDC1FA0062E59B /* ForkDiscriptionView.swift */,
				CAC37B3C29BF6FDF0047BAEE /* ForkListView.swift */,
				CAC37B4029BF72BE0047BAEE /* ForkItemView.swift */,
			);
			path = Fork;
			sourceTree = "<group>";
		};
		CA4B0BED29B8CACF002A2269 /* Frameworks */ = {
			isa = PBXGroup;
			children = (
				CA4B0CB029B8DC84002A2269 /* DaumMap.embeddedframework */,
				CA4B0CAB29B8DBE4002A2269 /* libc++.tbd */,
				CA4B0CAA29B8DBE3002A2269 /* libxml2.tbd */,
				CA4B0CAC29B8DBE4002A2269 /* libsqlite3.tbd */,
				CA4B0CAD29B8DBE4002A2269 /* SystemConfiguration.framework */,
				CA4B0CA929B8DBE3002A2269 /* CoreLocation.framework */,
				CA4B0CAF29B8DBE4002A2269 /* QuartzCore.framework */,
				CA4B0CAE29B8DBE4002A2269 /* OpenGLES.framework */,
				CA4B0BF329B8CD76002A2269 /* Foundation.framework */,
				CA4B0BF129B8CD6C002A2269 /* UIKit.framework */,
			);
			name = Frameworks;
			sourceTree = "<group>";
		};
		CA4B0CB029B8DC84002A2269 /* DaumMap.embeddedframework */ = {
			isa = PBXGroup;
			children = (
				CA4B0CB129B8DC84002A2269 /* Resources */,
				CA4B0CD629B8DC84002A2269 /* DaumMap.framework */,
			);
			path = DaumMap.embeddedframework;
			sourceTree = "<group>";
		};
		CA4B0CB129B8DC84002A2269 /* Resources */ = {
			isa = PBXGroup;
			children = (
				CA4B0CB229B8DC84002A2269 /* map_pinup_custom@3x.png */,
				CA4B0CB329B8DC84002A2269 /* map_pin_custom.png */,
				CA4B0CB429B8DC84002A2269 /* shadow_balloon.png */,
				CA4B0CB529B8DC84002A2269 /* map_pinup.png */,
				CA4B0CB629B8DC84002A2269 /* detail_button.png */,
				CA4B0CB729B8DC84002A2269 /* map_pin_custom@3x.png */,
				CA4B0CB829B8DC84002A2269 /* map_pinup@3x.png */,
				CA4B0CB929B8DC84002A2269 /* map_pin_shadow@3x.png */,
				CA4B0CBA29B8DC84002A2269 /* copyright.png */,
				CA4B0CBB29B8DC84002A2269 /* th_line.png */,
				CA4B0CBC29B8DC84002A2269 /* map_pin_red@3x.png */,
				CA4B0CBD29B8DC84002A2269 /* daum_copyright.png */,
				CA4B0CBE29B8DC84002A2269 /* map_pin@3x.png */,
				CA4B0CBF29B8DC84002A2269 /* map_present_tracking.png */,
				CA4B0CC029B8DC84002A2269 /* map_pin_red.png */,
				CA4B0CC129B8DC84002A2269 /* Headers */,
				CA4B0CCA29B8DC84002A2269 /* info_box.png */,
				CA4B0CCB29B8DC84002A2269 /* point_sprite.png */,
				CA4B0CCC29B8DC84002A2269 /* map_pinup_custom.png */,
				CA4B0CCD29B8DC84002A2269 /* info_box_tail.png */,
				CA4B0CCE29B8DC84002A2269 /* noimage256.png */,
				CA4B0CCF29B8DC84002A2269 /* map_present_direction.png */,
				CA4B0CD029B8DC84002A2269 /* map_pin.png */,
				CA4B0CD129B8DC84002A2269 /* map_present.png */,
				CA4B0CD229B8DC84002A2269 /* noimage.png */,
				CA4B0CD329B8DC84002A2269 /* map_present_background_update.png */,
				CA4B0CD429B8DC84002A2269 /* daum_th_line.png */,
				CA4B0CD529B8DC84002A2269 /* map_pin_shadow.png */,
			);
			path = Resources;
			sourceTree = "<group>";
		};
		CA4B0CC129B8DC84002A2269 /* Headers */ = {
			isa = PBXGroup;
			children = (
				CA4B0CC229B8DC84002A2269 /* MTMapPOIItem.h */,
				CA4B0CC329B8DC84002A2269 /* MTMapCameraUpdate.h */,
				CA4B0CC429B8DC84002A2269 /* MTMapReverseGeoCoder.h */,
				CA4B0CC529B8DC84002A2269 /* MTMapPolyline.h */,
				CA4B0CC629B8DC84002A2269 /* MTMapLocationMarkerItem.h */,
				CA4B0CC729B8DC84002A2269 /* MTMapView.h */,
				CA4B0CC829B8DC84002A2269 /* MTMapGeometry.h */,
				CA4B0CC929B8DC84002A2269 /* MTMapCircle.h */,
			);
			path = Headers;
			sourceTree = "<group>";
		};
		CA4BEEE929BD99B10062E59B /* Plate */ = {
			isa = PBXGroup;
			children = (
				CA4BEEEA29BD99BE0062E59B /* PlateView.swift */,
				CA4BEEEC29BD99D20062E59B /* PlateViewController.swift */,
				CA54541229C6C2EA00BD83CD /* PlateViewModel.swift */,
				CA54541429C6C4CA00BD83CD /* PlateMapView.swift */,
			);
			path = Plate;
			sourceTree = "<group>";
		};
		CA4BEEEE29BD9FB60062E59B /* Common */ = {
			isa = PBXGroup;
			children = (
				CA4BEEEF29BD9FC60062E59B /* HeaderView.swift */,
				CAC37B4229BF7AF40047BAEE /* StarRateLabel.swift */,
				CA2EF3D829D83B1200A2243A /* PrevHeaderView.swift */,
			);
			path = Common;
			sourceTree = "<group>";
		};
		CA4BEEF129BDA3350062E59B /* Common */ = {
			isa = PBXGroup;
			children = (
				CA4BEEF629BDE1CC0062E59B /* Protocol */,
				CA3A3CC429D47F6300AB98AC /* NavigationTarget.swift */,
			);
			path = Common;
			sourceTree = "<group>";
		};
		CA4BEEF629BDE1CC0062E59B /* Protocol */ = {
			isa = PBXGroup;
			children = (
				CA3FE7E829BCA323003DBC13 /* ViewModelProtocol.swift */,
				CA4BEEF729BDE1F80062E59B /* ViewProtocol.swift */,
				CA3A3CC229D47DA000AB98AC /* NavigationDelegate.swift */,
			);
			path = Protocol;
			sourceTree = "<group>";
		};
		CA607B4E29B4CEC8007D4B46 /* Resources */ = {
			isa = PBXGroup;
			children = (
				CA4BEEF229BDA7920062E59B /* NotoSansKR-Bold.otf */,
				CA607B4F29B4CF02007D4B46 /* NotoSansKR-Regular.otf */,
				CAFB23D729B4B92900FF903F /* Assets.xcassets */,
			);
			path = Resources;
			sourceTree = "<group>";
		};
		CA607B5129B4D4C7007D4B46 /* Extension */ = {
			isa = PBXGroup;
			children = (
				CA607B5229B4D4DB007D4B46 /* UIFont+.swift */,
				CA607B5429B4D58C007D4B46 /* UIColor+.swift */,
				CA3C3EFD29B95B7B002A8A40 /* UIDevice+.swift */,
				CAC37B4629BF7D3A0047BAEE /* Double+.swift */,
				CA67447829C0D45E0051F3CE /* UIImage+.swift */,
				CA54541629C6C59400BD83CD /* UIView+.swift */,
			);
			path = Extension;
			sourceTree = "<group>";
		};
		CAFB23C229B4B92700FF903F = {
			isa = PBXGroup;
			children = (
				CA54541829C7155200BD83CD /* KakaoMapHeader.h */,
				CAFB23CD29B4B92700FF903F /* FoodFork */,
				CAFB23E429B4B92900FF903F /* FoodForkTests */,
				CAFB23EE29B4B92900FF903F /* FoodForkUITests */,
				CAFB23CC29B4B92700FF903F /* Products */,
				CA4B0BED29B8CACF002A2269 /* Frameworks */,
			);
			sourceTree = "<group>";
		};
		CAFB23CC29B4B92700FF903F /* Products */ = {
			isa = PBXGroup;
			children = (
				CAFB23CB29B4B92700FF903F /* FoodFork.app */,
				CAFB23E129B4B92900FF903F /* FoodForkTests.xctest */,
				CAFB23EB29B4B92900FF903F /* FoodForkUITests.xctest */,
			);
			name = Products;
			sourceTree = "<group>";
		};
		CAFB23CD29B4B92700FF903F /* FoodFork */ = {
			isa = PBXGroup;
			children = (
				CAFB23DC29B4B92900FF903F /* Info.plist */,
				CAFB23D429B4B92700FF903F /* Main.storyboard */,
				CAFB23D929B4B92900FF903F /* LaunchScreen.storyboard */,
				CAFB23CE29B4B92700FF903F /* AppDelegate.swift */,
				CAFB23D029B4B92700FF903F /* SceneDelegate.swift */,
				CA4BEEF129BDA3350062E59B /* Common */,
				CA607B4E29B4CEC8007D4B46 /* Resources */,
				CA607B5129B4D4C7007D4B46 /* Extension */,
				CA4B0BDC29B78417002A2269 /* UI */,
			);
			path = FoodFork;
			sourceTree = "<group>";
		};
		CAFB23E429B4B92900FF903F /* FoodForkTests */ = {
			isa = PBXGroup;
			children = (
				CAFB23E529B4B92900FF903F /* FoodForkTests.swift */,
			);
			path = FoodForkTests;
			sourceTree = "<group>";
		};
		CAFB23EE29B4B92900FF903F /* FoodForkUITests */ = {
			isa = PBXGroup;
			children = (
				CAFB23EF29B4B92900FF903F /* FoodForkUITests.swift */,
				CAFB23F129B4B92900FF903F /* FoodForkUITestsLaunchTests.swift */,
			);
			path = FoodForkUITests;
			sourceTree = "<group>";
		};
/* End PBXGroup section */

/* Begin PBXNativeTarget section */
		CAFB23CA29B4B92700FF903F /* FoodFork */ = {
			isa = PBXNativeTarget;
			buildConfigurationList = CAFB23F529B4B92900FF903F /* Build configuration list for PBXNativeTarget "FoodFork" */;
			buildPhases = (
				CAFB23C729B4B92700FF903F /* Sources */,
				CAFB23C829B4B92700FF903F /* Frameworks */,
				CAFB23C929B4B92700FF903F /* Resources */,
			);
			buildRules = (
			);
			dependencies = (
			);
			name = FoodFork;
			packageProductDependencies = (
				CAFB23FF29B4C01800FF903F /* SnapKit */,
				CAFB240229B4C03400FF903F /* RxCocoa */,
				CAFB240429B4C03400FF903F /* RxSwift */,
				CA607B4A29B4C6E4007D4B46 /* Realm */,
				CA607B4C29B4C6E4007D4B46 /* RealmSwift */,
			);
			productName = FoodFork;
			productReference = CAFB23CB29B4B92700FF903F /* FoodFork.app */;
			productType = "com.apple.product-type.application";
		};
		CAFB23E029B4B92900FF903F /* FoodForkTests */ = {
			isa = PBXNativeTarget;
			buildConfigurationList = CAFB23F829B4B92900FF903F /* Build configuration list for PBXNativeTarget "FoodForkTests" */;
			buildPhases = (
				CAFB23DD29B4B92900FF903F /* Sources */,
				CAFB23DE29B4B92900FF903F /* Frameworks */,
				CAFB23DF29B4B92900FF903F /* Resources */,
			);
			buildRules = (
			);
			dependencies = (
				CAFB23E329B4B92900FF903F /* PBXTargetDependency */,
			);
			name = FoodForkTests;
			productName = FoodForkTests;
			productReference = CAFB23E129B4B92900FF903F /* FoodForkTests.xctest */;
			productType = "com.apple.product-type.bundle.unit-test";
		};
		CAFB23EA29B4B92900FF903F /* FoodForkUITests */ = {
			isa = PBXNativeTarget;
			buildConfigurationList = CAFB23FB29B4B92900FF903F /* Build configuration list for PBXNativeTarget "FoodForkUITests" */;
			buildPhases = (
				CAFB23E729B4B92900FF903F /* Sources */,
				CAFB23E829B4B92900FF903F /* Frameworks */,
				CAFB23E929B4B92900FF903F /* Resources */,
			);
			buildRules = (
			);
			dependencies = (
				CAFB23ED29B4B92900FF903F /* PBXTargetDependency */,
			);
			name = FoodForkUITests;
			productName = FoodForkUITests;
			productReference = CAFB23EB29B4B92900FF903F /* FoodForkUITests.xctest */;
			productType = "com.apple.product-type.bundle.ui-testing";
		};
/* End PBXNativeTarget section */

/* Begin PBXProject section */
		CAFB23C329B4B92700FF903F /* Project object */ = {
			isa = PBXProject;
			attributes = {
				BuildIndependentTargetsInParallel = 1;
				LastSwiftUpdateCheck = 1420;
				LastUpgradeCheck = 1420;
				TargetAttributes = {
					CAFB23CA29B4B92700FF903F = {
						CreatedOnToolsVersion = 14.2;
					};
					CAFB23E029B4B92900FF903F = {
						CreatedOnToolsVersion = 14.2;
						TestTargetID = CAFB23CA29B4B92700FF903F;
					};
					CAFB23EA29B4B92900FF903F = {
						CreatedOnToolsVersion = 14.2;
						TestTargetID = CAFB23CA29B4B92700FF903F;
					};
				};
			};
			buildConfigurationList = CAFB23C629B4B92700FF903F /* Build configuration list for PBXProject "FoodFork" */;
			compatibilityVersion = "Xcode 14.0";
			developmentRegion = en;
			hasScannedForEncodings = 0;
			knownRegions = (
				en,
				Base,
			);
			mainGroup = CAFB23C229B4B92700FF903F;
			packageReferences = (
				CAFB23FE29B4C01800FF903F /* XCRemoteSwiftPackageReference "SnapKit" */,
				CAFB240129B4C03400FF903F /* XCRemoteSwiftPackageReference "RxSwift" */,
				CA607B4929B4C6E3007D4B46 /* XCRemoteSwiftPackageReference "realm-swift" */,
			);
			productRefGroup = CAFB23CC29B4B92700FF903F /* Products */;
			projectDirPath = "";
			projectRoot = "";
			targets = (
				CAFB23CA29B4B92700FF903F /* FoodFork */,
				CAFB23E029B4B92900FF903F /* FoodForkTests */,
				CAFB23EA29B4B92900FF903F /* FoodForkUITests */,
			);
		};
/* End PBXProject section */

/* Begin PBXResourcesBuildPhase section */
		CAFB23C929B4B92700FF903F /* Resources */ = {
			isa = PBXResourcesBuildPhase;
			buildActionMask = 2147483647;
			files = (
				CA4B0CD929B8DC85002A2269 /* shadow_balloon.png in Resources */,
				CA4B0CDF29B8DC85002A2269 /* copyright.png in Resources */,
				CA4B0CED29B8DC85002A2269 /* map_present.png in Resources */,
				CA4B0CE529B8DC85002A2269 /* map_pin_red.png in Resources */,
				CA4B0CF129B8DC85002A2269 /* map_pin_shadow.png in Resources */,
				CA4B0CDA29B8DC85002A2269 /* map_pinup.png in Resources */,
				CA4B0CE129B8DC85002A2269 /* map_pin_red@3x.png in Resources */,
				CA4B0CE229B8DC85002A2269 /* daum_copyright.png in Resources */,
				CA4B0CE429B8DC85002A2269 /* map_present_tracking.png in Resources */,
				CA4B0CF029B8DC85002A2269 /* daum_th_line.png in Resources */,
				CA4BEEF329BDA7920062E59B /* NotoSansKR-Bold.otf in Resources */,
				CA4B0CE329B8DC85002A2269 /* map_pin@3x.png in Resources */,
				CAFB23DB29B4B92900FF903F /* LaunchScreen.storyboard in Resources */,
				CA4B0CDB29B8DC85002A2269 /* detail_button.png in Resources */,
				CA4B0CE029B8DC85002A2269 /* th_line.png in Resources */,
				CA4B0CEF29B8DC85002A2269 /* map_present_background_update.png in Resources */,
				CA4B0CE629B8DC85002A2269 /* info_box.png in Resources */,
				CA4B0CE829B8DC85002A2269 /* map_pinup_custom.png in Resources */,
				CA4B0CEE29B8DC85002A2269 /* noimage.png in Resources */,
				CAFB23D829B4B92900FF903F /* Assets.xcassets in Resources */,
				CA4B0CE929B8DC85002A2269 /* info_box_tail.png in Resources */,
				CA4B0CEB29B8DC85002A2269 /* map_present_direction.png in Resources */,
				CA607B5029B4CF02007D4B46 /* NotoSansKR-Regular.otf in Resources */,
				CAFB23D629B4B92700FF903F /* Main.storyboard in Resources */,
				CA4B0CEC29B8DC85002A2269 /* map_pin.png in Resources */,
				CA4B0CDD29B8DC85002A2269 /* map_pinup@3x.png in Resources */,
				CA4B0CDE29B8DC85002A2269 /* map_pin_shadow@3x.png in Resources */,
				CA4B0CDC29B8DC85002A2269 /* map_pin_custom@3x.png in Resources */,
				CA4B0CD729B8DC85002A2269 /* map_pinup_custom@3x.png in Resources */,
				CA4B0CD829B8DC85002A2269 /* map_pin_custom.png in Resources */,
				CA4B0CEA29B8DC85002A2269 /* noimage256.png in Resources */,
				CA4B0CE729B8DC85002A2269 /* point_sprite.png in Resources */,
			);
			runOnlyForDeploymentPostprocessing = 0;
		};
		CAFB23DF29B4B92900FF903F /* Resources */ = {
			isa = PBXResourcesBuildPhase;
			buildActionMask = 2147483647;
			files = (
			);
			runOnlyForDeploymentPostprocessing = 0;
		};
		CAFB23E929B4B92900FF903F /* Resources */ = {
			isa = PBXResourcesBuildPhase;
			buildActionMask = 2147483647;
			files = (
			);
			runOnlyForDeploymentPostprocessing = 0;
		};
/* End PBXResourcesBuildPhase section */

/* Begin PBXSourcesBuildPhase section */
		CAFB23C729B4B92700FF903F /* Sources */ = {
			isa = PBXSourcesBuildPhase;
			buildActionMask = 2147483647;
			files = (
				CA3C3F0029BA1090002A8A40 /* TabBarViewModel.swift in Sources */,
				CA4B0BE529B8B7D0002A2269 /* TabBarEnum.swift in Sources */,
				CA2EF3D929D83B1200A2243A /* PrevHeaderView.swift in Sources */,
				CAC37B3D29BF6FDF0047BAEE /* ForkListView.swift in Sources */,
				CA4B0BEA29B8B8D1002A2269 /* ForkViewController.swift in Sources */,
				CA2EF3DF29D9CE6300A2243A /* AddForkSearchItemView.swift in Sources */,
				CA607B5329B4D4DB007D4B46 /* UIFont+.swift in Sources */,
				CA2EF3DD29D9CE5800A2243A /* AddForkSearchInputView.swift in Sources */,
				CA3F001229C8A0900090C627 /* AddForkSearchViewController.swift in Sources */,
				CA54541329C6C2EA00BD83CD /* PlateViewModel.swift in Sources */,
				CA4B0BE129B8506A002A2269 /* TabBarView.swift in Sources */,
				CA4BEEF029BD9FC60062E59B /* HeaderView.swift in Sources */,
				CA3FE7E929BCA323003DBC13 /* ViewModelProtocol.swift in Sources */,
				CAC37B3F29BF70000047BAEE /* ForkViewModel.swift in Sources */,
				CA3F001029C8A0820090C627 /* AddForkSearchView.swift in Sources */,
				CA3A3CC529D47F6300AB98AC /* NavigationTarget.swift in Sources */,
				CAFB23CF29B4B92700FF903F /* AppDelegate.swift in Sources */,
				CAC37B4329BF7AF40047BAEE /* StarRateLabel.swift in Sources */,
				CAFB23D129B4B92700FF903F /* SceneDelegate.swift in Sources */,
				CAC37B4129BF72BE0047BAEE /* ForkItemView.swift in Sources */,
				CA3A3CC329D47DA000AB98AC /* NavigationDelegate.swift in Sources */,
				CA4BEEED29BD99D20062E59B /* PlateViewController.swift in Sources */,
				CA54541729C6C59400BD83CD /* UIView+.swift in Sources */,
				CA3C3EFE29B95B7B002A8A40 /* UIDevice+.swift in Sources */,
				CA54541529C6C4CA00BD83CD /* PlateMapView.swift in Sources */,
				CA4B0BE329B8B619002A2269 /* TabBarItemView.swift in Sources */,
				CA2EF3D729D837DE00A2243A /* TabBarNavigationViewController.swift in Sources */,
				CA4B0BDF29B83C88002A2269 /* TabBarViewController.swift in Sources */,
				CA2EF3DB29D9CE2C00A2243A /* AddForkSearchBarView.swift in Sources */,
				CA4B0BE829B8B8B0002A2269 /* ForkView.swift in Sources */,
				CA4BEEF529BDC1FA0062E59B /* ForkDiscriptionView.swift in Sources */,
				CA607B5529B4D58C007D4B46 /* UIColor+.swift in Sources */,
				CA4BEEF829BDE1F80062E59B /* ViewProtocol.swift in Sources */,
				CA67447929C0D45E0051F3CE /* UIImage+.swift in Sources */,
				CAC37B4729BF7D3A0047BAEE /* Double+.swift in Sources */,
				CA4BEEEB29BD99BE0062E59B /* PlateView.swift in Sources */,
			);
			runOnlyForDeploymentPostprocessing = 0;
		};
		CAFB23DD29B4B92900FF903F /* Sources */ = {
			isa = PBXSourcesBuildPhase;
			buildActionMask = 2147483647;
			files = (
				CAFB23E629B4B92900FF903F /* FoodForkTests.swift in Sources */,
			);
			runOnlyForDeploymentPostprocessing = 0;
		};
		CAFB23E729B4B92900FF903F /* Sources */ = {
			isa = PBXSourcesBuildPhase;
			buildActionMask = 2147483647;
			files = (
				CAFB23F229B4B92900FF903F /* FoodForkUITestsLaunchTests.swift in Sources */,
				CAFB23F029B4B92900FF903F /* FoodForkUITests.swift in Sources */,
			);
			runOnlyForDeploymentPostprocessing = 0;
		};
/* End PBXSourcesBuildPhase section */

/* Begin PBXTargetDependency section */
		CAFB23E329B4B92900FF903F /* PBXTargetDependency */ = {
			isa = PBXTargetDependency;
			target = CAFB23CA29B4B92700FF903F /* FoodFork */;
			targetProxy = CAFB23E229B4B92900FF903F /* PBXContainerItemProxy */;
		};
		CAFB23ED29B4B92900FF903F /* PBXTargetDependency */ = {
			isa = PBXTargetDependency;
			target = CAFB23CA29B4B92700FF903F /* FoodFork */;
			targetProxy = CAFB23EC29B4B92900FF903F /* PBXContainerItemProxy */;
		};
/* End PBXTargetDependency section */

/* Begin PBXVariantGroup section */
		CAFB23D429B4B92700FF903F /* Main.storyboard */ = {
			isa = PBXVariantGroup;
			children = (
				CAFB23D529B4B92700FF903F /* Base */,
			);
			name = Main.storyboard;
			sourceTree = "<group>";
		};
		CAFB23D929B4B92900FF903F /* LaunchScreen.storyboard */ = {
			isa = PBXVariantGroup;
			children = (
				CAFB23DA29B4B92900FF903F /* Base */,
			);
			name = LaunchScreen.storyboard;
			sourceTree = "<group>";
		};
/* End PBXVariantGroup section */

/* Begin XCBuildConfiguration section */
		CAFB23F329B4B92900FF903F /* Debug */ = {
			isa = XCBuildConfiguration;
			buildSettings = {
				ALWAYS_SEARCH_USER_PATHS = NO;
				CLANG_ANALYZER_NONNULL = YES;
				CLANG_ANALYZER_NUMBER_OBJECT_CONVERSION = YES_AGGRESSIVE;
				CLANG_CXX_LANGUAGE_STANDARD = "gnu++20";
				CLANG_ENABLE_MODULES = YES;
				CLANG_ENABLE_OBJC_ARC = YES;
				CLANG_ENABLE_OBJC_WEAK = YES;
				CLANG_LINK_OBJC_RUNTIME = YES;
				CLANG_WARN_BLOCK_CAPTURE_AUTORELEASING = YES;
				CLANG_WARN_BOOL_CONVERSION = YES;
				CLANG_WARN_COMMA = YES;
				CLANG_WARN_CONSTANT_CONVERSION = YES;
				CLANG_WARN_DEPRECATED_OBJC_IMPLEMENTATIONS = YES;
				CLANG_WARN_DIRECT_OBJC_ISA_USAGE = YES_ERROR;
				CLANG_WARN_DOCUMENTATION_COMMENTS = YES;
				CLANG_WARN_EMPTY_BODY = YES;
				CLANG_WARN_ENUM_CONVERSION = YES;
				CLANG_WARN_INFINITE_RECURSION = YES;
				CLANG_WARN_INT_CONVERSION = YES;
				CLANG_WARN_NON_LITERAL_NULL_CONVERSION = YES;
				CLANG_WARN_OBJC_IMPLICIT_RETAIN_SELF = YES;
				CLANG_WARN_OBJC_LITERAL_CONVERSION = YES;
				CLANG_WARN_OBJC_ROOT_CLASS = YES_ERROR;
				CLANG_WARN_QUOTED_INCLUDE_IN_FRAMEWORK_HEADER = YES;
				CLANG_WARN_RANGE_LOOP_ANALYSIS = YES;
				CLANG_WARN_STRICT_PROTOTYPES = YES;
				CLANG_WARN_SUSPICIOUS_MOVE = YES;
				CLANG_WARN_UNGUARDED_AVAILABILITY = YES_AGGRESSIVE;
				CLANG_WARN_UNREACHABLE_CODE = YES;
				CLANG_WARN__DUPLICATE_METHOD_MATCH = YES;
				COPY_PHASE_STRIP = NO;
				DEBUG_INFORMATION_FORMAT = dwarf;
				ENABLE_STRICT_OBJC_MSGSEND = YES;
				ENABLE_TESTABILITY = YES;
				GCC_C_LANGUAGE_STANDARD = gnu11;
				GCC_DYNAMIC_NO_PIC = NO;
				GCC_NO_COMMON_BLOCKS = YES;
				GCC_OPTIMIZATION_LEVEL = 0;
				GCC_PREPROCESSOR_DEFINITIONS = (
					"DEBUG=1",
					"$(inherited)",
				);
				GCC_WARN_64_TO_32_BIT_CONVERSION = YES;
				GCC_WARN_ABOUT_RETURN_TYPE = YES_ERROR;
				GCC_WARN_UNDECLARED_SELECTOR = YES;
				GCC_WARN_UNINITIALIZED_AUTOS = YES_AGGRESSIVE;
				GCC_WARN_UNUSED_FUNCTION = YES;
				GCC_WARN_UNUSED_VARIABLE = YES;
				IPHONEOS_DEPLOYMENT_TARGET = 16.2;
				MTL_ENABLE_DEBUG_INFO = INCLUDE_SOURCE;
				MTL_FAST_MATH = YES;
				ONLY_ACTIVE_ARCH = YES;
				SDKROOT = iphoneos;
				SWIFT_ACTIVE_COMPILATION_CONDITIONS = DEBUG;
				SWIFT_OPTIMIZATION_LEVEL = "-Onone";
			};
			name = Debug;
		};
		CAFB23F429B4B92900FF903F /* Release */ = {
			isa = XCBuildConfiguration;
			buildSettings = {
				ALWAYS_SEARCH_USER_PATHS = NO;
				CLANG_ANALYZER_NONNULL = YES;
				CLANG_ANALYZER_NUMBER_OBJECT_CONVERSION = YES_AGGRESSIVE;
				CLANG_CXX_LANGUAGE_STANDARD = "gnu++20";
				CLANG_ENABLE_MODULES = YES;
				CLANG_ENABLE_OBJC_ARC = YES;
				CLANG_ENABLE_OBJC_WEAK = YES;
				CLANG_LINK_OBJC_RUNTIME = YES;
				CLANG_WARN_BLOCK_CAPTURE_AUTORELEASING = YES;
				CLANG_WARN_BOOL_CONVERSION = YES;
				CLANG_WARN_COMMA = YES;
				CLANG_WARN_CONSTANT_CONVERSION = YES;
				CLANG_WARN_DEPRECATED_OBJC_IMPLEMENTATIONS = YES;
				CLANG_WARN_DIRECT_OBJC_ISA_USAGE = YES_ERROR;
				CLANG_WARN_DOCUMENTATION_COMMENTS = YES;
				CLANG_WARN_EMPTY_BODY = YES;
				CLANG_WARN_ENUM_CONVERSION = YES;
				CLANG_WARN_INFINITE_RECURSION = YES;
				CLANG_WARN_INT_CONVERSION = YES;
				CLANG_WARN_NON_LITERAL_NULL_CONVERSION = YES;
				CLANG_WARN_OBJC_IMPLICIT_RETAIN_SELF = YES;
				CLANG_WARN_OBJC_LITERAL_CONVERSION = YES;
				CLANG_WARN_OBJC_ROOT_CLASS = YES_ERROR;
				CLANG_WARN_QUOTED_INCLUDE_IN_FRAMEWORK_HEADER = YES;
				CLANG_WARN_RANGE_LOOP_ANALYSIS = YES;
				CLANG_WARN_STRICT_PROTOTYPES = YES;
				CLANG_WARN_SUSPICIOUS_MOVE = YES;
				CLANG_WARN_UNGUARDED_AVAILABILITY = YES_AGGRESSIVE;
				CLANG_WARN_UNREACHABLE_CODE = YES;
				CLANG_WARN__DUPLICATE_METHOD_MATCH = YES;
				COPY_PHASE_STRIP = NO;
				DEBUG_INFORMATION_FORMAT = "dwarf-with-dsym";
				ENABLE_NS_ASSERTIONS = NO;
				ENABLE_STRICT_OBJC_MSGSEND = YES;
				GCC_C_LANGUAGE_STANDARD = gnu11;
				GCC_NO_COMMON_BLOCKS = YES;
				GCC_WARN_64_TO_32_BIT_CONVERSION = YES;
				GCC_WARN_ABOUT_RETURN_TYPE = YES_ERROR;
				GCC_WARN_UNDECLARED_SELECTOR = YES;
				GCC_WARN_UNINITIALIZED_AUTOS = YES_AGGRESSIVE;
				GCC_WARN_UNUSED_FUNCTION = YES;
				GCC_WARN_UNUSED_VARIABLE = YES;
				IPHONEOS_DEPLOYMENT_TARGET = 16.2;
				MTL_ENABLE_DEBUG_INFO = NO;
				MTL_FAST_MATH = YES;
				SDKROOT = iphoneos;
				SWIFT_COMPILATION_MODE = wholemodule;
				SWIFT_OPTIMIZATION_LEVEL = "-O";
				VALIDATE_PRODUCT = YES;
			};
			name = Release;
		};
		CAFB23F629B4B92900FF903F /* Debug */ = {
			isa = XCBuildConfiguration;
			buildSettings = {
				ASSETCATALOG_COMPILER_APPICON_NAME = AppIcon;
				ASSETCATALOG_COMPILER_GLOBAL_ACCENT_COLOR_NAME = AccentColor;
				CLANG_ENABLE_OBJC_ARC = NO;
				CLANG_ENABLE_OBJC_WEAK = NO;
				CODE_SIGN_STYLE = Automatic;
				CURRENT_PROJECT_VERSION = 1;
				DEVELOPMENT_TEAM = B9246LVN4T;
				FRAMEWORK_SEARCH_PATHS = (
					"$(inherited)",
					"$(PROJECT_DIR)/Framework/DaumMap.embeddedframework",
					"$(PROJECT_DIR)/DaumMap.embeddedframework",
				);
				GENERATE_INFOPLIST_FILE = YES;
				INFOPLIST_FILE = FoodFork/Info.plist;
				INFOPLIST_KEY_UIApplicationSupportsIndirectInputEvents = YES;
				INFOPLIST_KEY_UILaunchStoryboardName = LaunchScreen;
				INFOPLIST_KEY_UIMainStoryboardFile = Main;
				INFOPLIST_KEY_UISupportedInterfaceOrientations_iPad = "UIInterfaceOrientationPortrait UIInterfaceOrientationPortraitUpsideDown UIInterfaceOrientationLandscapeLeft UIInterfaceOrientationLandscapeRight";
				INFOPLIST_KEY_UISupportedInterfaceOrientations_iPhone = "UIInterfaceOrientationPortrait UIInterfaceOrientationLandscapeLeft UIInterfaceOrientationLandscapeRight";
				IPHONEOS_DEPLOYMENT_TARGET = 15.0;
				LD_RUNPATH_SEARCH_PATHS = (
					"$(inherited)",
					"@executable_path/Frameworks",
				);
				MARKETING_VERSION = 1.0;
				PRODUCT_BUNDLE_IDENTIFIER = com.AtenB.FoodFork;
				PRODUCT_NAME = "$(TARGET_NAME)";
				SWIFT_EMIT_LOC_STRINGS = YES;
				SWIFT_OBJC_BRIDGING_HEADER = /Users/ivy/Desktop/Project/FoodFork/KakaoMapHeader.h;
				SWIFT_VERSION = 5.0;
				TARGETED_DEVICE_FAMILY = 1;
			};
			name = Debug;
		};
		CAFB23F729B4B92900FF903F /* Release */ = {
			isa = XCBuildConfiguration;
			buildSettings = {
				ASSETCATALOG_COMPILER_APPICON_NAME = AppIcon;
				ASSETCATALOG_COMPILER_GLOBAL_ACCENT_COLOR_NAME = AccentColor;
				CLANG_ENABLE_OBJC_ARC = NO;
				CLANG_ENABLE_OBJC_WEAK = NO;
				CODE_SIGN_STYLE = Automatic;
				CURRENT_PROJECT_VERSION = 1;
				DEVELOPMENT_TEAM = B9246LVN4T;
				FRAMEWORK_SEARCH_PATHS = (
					"$(inherited)",
					"$(PROJECT_DIR)/Framework/DaumMap.embeddedframework",
					"$(PROJECT_DIR)/DaumMap.embeddedframework",
				);
				GENERATE_INFOPLIST_FILE = YES;
				INFOPLIST_FILE = FoodFork/Info.plist;
				INFOPLIST_KEY_UIApplicationSupportsIndirectInputEvents = YES;
				INFOPLIST_KEY_UILaunchStoryboardName = LaunchScreen;
				INFOPLIST_KEY_UIMainStoryboardFile = Main;
				INFOPLIST_KEY_UISupportedInterfaceOrientations_iPad = "UIInterfaceOrientationPortrait UIInterfaceOrientationPortraitUpsideDown UIInterfaceOrientationLandscapeLeft UIInterfaceOrientationLandscapeRight";
				INFOPLIST_KEY_UISupportedInterfaceOrientations_iPhone = "UIInterfaceOrientationPortrait UIInterfaceOrientationLandscapeLeft UIInterfaceOrientationLandscapeRight";
				IPHONEOS_DEPLOYMENT_TARGET = 15.0;
				LD_RUNPATH_SEARCH_PATHS = (
					"$(inherited)",
					"@executable_path/Frameworks",
				);
				MARKETING_VERSION = 1.0;
				PRODUCT_BUNDLE_IDENTIFIER = com.AtenB.FoodFork;
				PRODUCT_NAME = "$(TARGET_NAME)";
				SWIFT_EMIT_LOC_STRINGS = YES;
				SWIFT_OBJC_BRIDGING_HEADER = /Users/ivy/Desktop/Project/FoodFork/KakaoMapHeader.h;
				SWIFT_VERSION = 5.0;
				TARGETED_DEVICE_FAMILY = 1;
			};
			name = Release;
		};
		CAFB23F929B4B92900FF903F /* Debug */ = {
			isa = XCBuildConfiguration;
			buildSettings = {
				ALWAYS_EMBED_SWIFT_STANDARD_LIBRARIES = YES;
				BUNDLE_LOADER = "$(TEST_HOST)";
				CODE_SIGN_STYLE = Automatic;
				CURRENT_PROJECT_VERSION = 1;
				DEVELOPMENT_TEAM = A2394J7TG3;
				GENERATE_INFOPLIST_FILE = YES;
				IPHONEOS_DEPLOYMENT_TARGET = 16.2;
				MARKETING_VERSION = 1.0;
				PRODUCT_BUNDLE_IDENTIFIER = atenb3f.FoodForkTests;
				PRODUCT_NAME = "$(TARGET_NAME)";
				SWIFT_EMIT_LOC_STRINGS = NO;
				SWIFT_VERSION = 5.0;
				TARGETED_DEVICE_FAMILY = "1,2";
				TEST_HOST = "$(BUILT_PRODUCTS_DIR)/FoodFork.app/$(BUNDLE_EXECUTABLE_FOLDER_PATH)/FoodFork";
			};
			name = Debug;
		};
		CAFB23FA29B4B92900FF903F /* Release */ = {
			isa = XCBuildConfiguration;
			buildSettings = {
				ALWAYS_EMBED_SWIFT_STANDARD_LIBRARIES = YES;
				BUNDLE_LOADER = "$(TEST_HOST)";
				CODE_SIGN_STYLE = Automatic;
				CURRENT_PROJECT_VERSION = 1;
				DEVELOPMENT_TEAM = A2394J7TG3;
				GENERATE_INFOPLIST_FILE = YES;
				IPHONEOS_DEPLOYMENT_TARGET = 16.2;
				MARKETING_VERSION = 1.0;
				PRODUCT_BUNDLE_IDENTIFIER = atenb3f.FoodForkTests;
				PRODUCT_NAME = "$(TARGET_NAME)";
				SWIFT_EMIT_LOC_STRINGS = NO;
				SWIFT_VERSION = 5.0;
				TARGETED_DEVICE_FAMILY = "1,2";
				TEST_HOST = "$(BUILT_PRODUCTS_DIR)/FoodFork.app/$(BUNDLE_EXECUTABLE_FOLDER_PATH)/FoodFork";
			};
			name = Release;
		};
		CAFB23FC29B4B92900FF903F /* Debug */ = {
			isa = XCBuildConfiguration;
			buildSettings = {
				ALWAYS_EMBED_SWIFT_STANDARD_LIBRARIES = YES;
				CODE_SIGN_STYLE = Automatic;
				CURRENT_PROJECT_VERSION = 1;
				DEVELOPMENT_TEAM = A2394J7TG3;
				GENERATE_INFOPLIST_FILE = YES;
				MARKETING_VERSION = 1.0;
				PRODUCT_BUNDLE_IDENTIFIER = atenb3f.FoodForkUITests;
				PRODUCT_NAME = "$(TARGET_NAME)";
				SWIFT_EMIT_LOC_STRINGS = NO;
				SWIFT_VERSION = 5.0;
				TARGETED_DEVICE_FAMILY = "1,2";
				TEST_TARGET_NAME = FoodFork;
			};
			name = Debug;
		};
		CAFB23FD29B4B92900FF903F /* Release */ = {
			isa = XCBuildConfiguration;
			buildSettings = {
				ALWAYS_EMBED_SWIFT_STANDARD_LIBRARIES = YES;
				CODE_SIGN_STYLE = Automatic;
				CURRENT_PROJECT_VERSION = 1;
				DEVELOPMENT_TEAM = A2394J7TG3;
				GENERATE_INFOPLIST_FILE = YES;
				MARKETING_VERSION = 1.0;
				PRODUCT_BUNDLE_IDENTIFIER = atenb3f.FoodForkUITests;
				PRODUCT_NAME = "$(TARGET_NAME)";
				SWIFT_EMIT_LOC_STRINGS = NO;
				SWIFT_VERSION = 5.0;
				TARGETED_DEVICE_FAMILY = "1,2";
				TEST_TARGET_NAME = FoodFork;
			};
			name = Release;
		};
/* End XCBuildConfiguration section */

/* Begin XCConfigurationList section */
		CAFB23C629B4B92700FF903F /* Build configuration list for PBXProject "FoodFork" */ = {
			isa = XCConfigurationList;
			buildConfigurations = (
				CAFB23F329B4B92900FF903F /* Debug */,
				CAFB23F429B4B92900FF903F /* Release */,
			);
			defaultConfigurationIsVisible = 0;
			defaultConfigurationName = Release;
		};
		CAFB23F529B4B92900FF903F /* Build configuration list for PBXNativeTarget "FoodFork" */ = {
			isa = XCConfigurationList;
			buildConfigurations = (
				CAFB23F629B4B92900FF903F /* Debug */,
				CAFB23F729B4B92900FF903F /* Release */,
			);
			defaultConfigurationIsVisible = 0;
			defaultConfigurationName = Release;
		};
		CAFB23F829B4B92900FF903F /* Build configuration list for PBXNativeTarget "FoodForkTests" */ = {
			isa = XCConfigurationList;
			buildConfigurations = (
				CAFB23F929B4B92900FF903F /* Debug */,
				CAFB23FA29B4B92900FF903F /* Release */,
			);
			defaultConfigurationIsVisible = 0;
			defaultConfigurationName = Release;
		};
		CAFB23FB29B4B92900FF903F /* Build configuration list for PBXNativeTarget "FoodForkUITests" */ = {
			isa = XCConfigurationList;
			buildConfigurations = (
				CAFB23FC29B4B92900FF903F /* Debug */,
				CAFB23FD29B4B92900FF903F /* Release */,
			);
			defaultConfigurationIsVisible = 0;
			defaultConfigurationName = Release;
		};
/* End XCConfigurationList section */

/* Begin XCRemoteSwiftPackageReference section */
		CA607B4929B4C6E3007D4B46 /* XCRemoteSwiftPackageReference "realm-swift" */ = {
			isa = XCRemoteSwiftPackageReference;
			repositoryURL = "https://github.com/realm/realm-swift.git";
			requirement = {
				branch = master;
				kind = branch;
			};
		};
		CAFB23FE29B4C01800FF903F /* XCRemoteSwiftPackageReference "SnapKit" */ = {
			isa = XCRemoteSwiftPackageReference;
			repositoryURL = "https://github.com/SnapKit/SnapKit";
			requirement = {
				kind = upToNextMajorVersion;
				minimumVersion = 5.0.0;
			};
		};
		CAFB240129B4C03400FF903F /* XCRemoteSwiftPackageReference "RxSwift" */ = {
			isa = XCRemoteSwiftPackageReference;
			repositoryURL = "https://github.com/ReactiveX/RxSwift";
			requirement = {
				branch = main;
				kind = branch;
			};
		};
/* End XCRemoteSwiftPackageReference section */

/* Begin XCSwiftPackageProductDependency section */
		CA607B4A29B4C6E4007D4B46 /* Realm */ = {
			isa = XCSwiftPackageProductDependency;
			package = CA607B4929B4C6E3007D4B46 /* XCRemoteSwiftPackageReference "realm-swift" */;
			productName = Realm;
		};
		CA607B4C29B4C6E4007D4B46 /* RealmSwift */ = {
			isa = XCSwiftPackageProductDependency;
			package = CA607B4929B4C6E3007D4B46 /* XCRemoteSwiftPackageReference "realm-swift" */;
			productName = RealmSwift;
		};
		CAFB23FF29B4C01800FF903F /* SnapKit */ = {
			isa = XCSwiftPackageProductDependency;
			package = CAFB23FE29B4C01800FF903F /* XCRemoteSwiftPackageReference "SnapKit" */;
			productName = SnapKit;
		};
		CAFB240229B4C03400FF903F /* RxCocoa */ = {
			isa = XCSwiftPackageProductDependency;
			package = CAFB240129B4C03400FF903F /* XCRemoteSwiftPackageReference "RxSwift" */;
			productName = RxCocoa;
		};
		CAFB240429B4C03400FF903F /* RxSwift */ = {
			isa = XCSwiftPackageProductDependency;
			package = CAFB240129B4C03400FF903F /* XCRemoteSwiftPackageReference "RxSwift" */;
			productName = RxSwift;
		};
/* End XCSwiftPackageProductDependency section */
	};
	rootObject = CAFB23C329B4B92700FF903F /* Project object */;
}
